// !$*UTF8*$!
{
	archiveVersion = 1;
	classes = {
	};
	objectVersion = 77;
	objects = {

/* Begin PBXBuildFile section */
		F8CC36E12D0E461F007B8210 /* FirebaseAuth in Frameworks */ = {isa = PBXBuildFile; productRef = F8CC36E02D0E461F007B8210 /* FirebaseAuth */; };
		F8CC36E32D0E461F007B8210 /* FirebaseDatabase in Frameworks */ = {isa = PBXBuildFile; productRef = F8CC36E22D0E461F007B8210 /* FirebaseDatabase */; };
		F8CC36E52D0E461F007B8210 /* FirebaseFirestore in Frameworks */ = {isa = PBXBuildFile; productRef = F8CC36E42D0E461F007B8210 /* FirebaseFirestore */; };
		F8CC36E72D0E461F007B8210 /* FirebaseStorage in Frameworks */ = {isa = PBXBuildFile; productRef = F8CC36E62D0E461F007B8210 /* FirebaseStorage */; };
/* End PBXBuildFile section */

/* Begin PBXContainerItemProxy section */
		F8732EAF2D08BDA50018FE52 /* PBXContainerItemProxy */ = {
			isa = PBXContainerItemProxy;
			containerPortal = F8732E962D08BDA30018FE52 /* Project object */;
			proxyType = 1;
			remoteGlobalIDString = F8732E9D2D08BDA30018FE52;
			remoteInfo = DubDubGrub;
		};
		F8732EB92D08BDA50018FE52 /* PBXContainerItemProxy */ = {
			isa = PBXContainerItemProxy;
			containerPortal = F8732E962D08BDA30018FE52 /* Project object */;
			proxyType = 1;
			remoteGlobalIDString = F8732E9D2D08BDA30018FE52;
			remoteInfo = DubDubGrub;
		};
/* End PBXContainerItemProxy section */

/* Begin PBXFileReference section */
		F8732E9E2D08BDA30018FE52 /* DubDubGrub.app */ = {isa = PBXFileReference; explicitFileType = wrapper.application; includeInIndex = 0; path = DubDubGrub.app; sourceTree = BUILT_PRODUCTS_DIR; };
		F8732EAE2D08BDA50018FE52 /* DubDubGrubTests.xctest */ = {isa = PBXFileReference; explicitFileType = wrapper.cfbundle; includeInIndex = 0; path = DubDubGrubTests.xctest; sourceTree = BUILT_PRODUCTS_DIR; };
		F8732EB82D08BDA50018FE52 /* DubDubGrubUITests.xctest */ = {isa = PBXFileReference; explicitFileType = wrapper.cfbundle; includeInIndex = 0; path = DubDubGrubUITests.xctest; sourceTree = BUILT_PRODUCTS_DIR; };
/* End PBXFileReference section */

/* Begin PBXFileSystemSynchronizedRootGroup section */
		F8732EA02D08BDA30018FE52 /* DubDubGrub */ = {
			isa = PBXFileSystemSynchronizedRootGroup;
			path = DubDubGrub;
			sourceTree = "<group>";
		};
/* End PBXFileSystemSynchronizedRootGroup section */

/* Begin PBXFrameworksBuildPhase section */
		F8732E9B2D08BDA30018FE52 /* Frameworks */ = {
			isa = PBXFrameworksBuildPhase;
			buildActionMask = 2147483647;
			files = (
				F8CC36E32D0E461F007B8210 /* FirebaseDatabase in Frameworks */,
				F8CC36E72D0E461F007B8210 /* FirebaseStorage in Frameworks */,
				F8CC36E12D0E461F007B8210 /* FirebaseAuth in Frameworks */,
				F8CC36E52D0E461F007B8210 /* FirebaseFirestore in Frameworks */,
			);
			runOnlyForDeploymentPostprocessing = 0;
		};
		F8732EAB2D08BDA50018FE52 /* Frameworks */ = {
			isa = PBXFrameworksBuildPhase;
			buildActionMask = 2147483647;
			files = (
			);
			runOnlyForDeploymentPostprocessing = 0;
		};
		F8732EB52D08BDA50018FE52 /* Frameworks */ = {
			isa = PBXFrameworksBuildPhase;
			buildActionMask = 2147483647;
			files = (
			);
			runOnlyForDeploymentPostprocessing = 0;
		};
/* End PBXFrameworksBuildPhase section */

/* Begin PBXGroup section */
		F8732E952D08BDA30018FE52 = {
			isa = PBXGroup;
			children = (
				F8732EA02D08BDA30018FE52 /* DubDubGrub */,
				F8732E9F2D08BDA30018FE52 /* Products */,
			);
			sourceTree = "<group>";
		};
		F8732E9F2D08BDA30018FE52 /* Products */ = {
			isa = PBXGroup;
			children = (
				F8732E9E2D08BDA30018FE52 /* DubDubGrub.app */,
				F8732EAE2D08BDA50018FE52 /* DubDubGrubTests.xctest */,
				F8732EB82D08BDA50018FE52 /* DubDubGrubUITests.xctest */,
			);
			name = Products;
			sourceTree = "<group>";
		};
/* End PBXGroup section */

/* Begin PBXNativeTarget section */
		F8732E9D2D08BDA30018FE52 /* DubDubGrub */ = {
			isa = PBXNativeTarget;
			buildConfigurationList = F8732EC22D08BDA50018FE52 /* Build configuration list for PBXNativeTarget "DubDubGrub" */;
			buildPhases = (
				F8732E9A2D08BDA30018FE52 /* Sources */,
				F8732E9B2D08BDA30018FE52 /* Frameworks */,
				F8732E9C2D08BDA30018FE52 /* Resources */,
			);
			buildRules = (
			);
			dependencies = (
			);
			fileSystemSynchronizedGroups = (
				F8732EA02D08BDA30018FE52 /* DubDubGrub */,
			);
			name = DubDubGrub;
			packageProductDependencies = (
				F8CC36E02D0E461F007B8210 /* FirebaseAuth */,
				F8CC36E22D0E461F007B8210 /* FirebaseDatabase */,
				F8CC36E42D0E461F007B8210 /* FirebaseFirestore */,
				F8CC36E62D0E461F007B8210 /* FirebaseStorage */,
			);
			productName = DubDubGrub;
			productReference = F8732E9E2D08BDA30018FE52 /* DubDubGrub.app */;
			productType = "com.apple.product-type.application";
		};
		F8732EAD2D08BDA50018FE52 /* DubDubGrubTests */ = {
			isa = PBXNativeTarget;
			buildConfigurationList = F8732EC52D08BDA50018FE52 /* Build configuration list for PBXNativeTarget "DubDubGrubTests" */;
			buildPhases = (
				F8732EAA2D08BDA50018FE52 /* Sources */,
				F8732EAB2D08BDA50018FE52 /* Frameworks */,
				F8732EAC2D08BDA50018FE52 /* Resources */,
			);
			buildRules = (
			);
			dependencies = (
				F8732EB02D08BDA50018FE52 /* PBXTargetDependency */,
			);
			name = DubDubGrubTests;
			packageProductDependencies = (
			);
			productName = DubDubGrubTests;
			productReference = F8732EAE2D08BDA50018FE52 /* DubDubGrubTests.xctest */;
			productType = "com.apple.product-type.bundle.unit-test";
		};
		F8732EB72D08BDA50018FE52 /* DubDubGrubUITests */ = {
			isa = PBXNativeTarget;
			buildConfigurationList = F8732EC82D08BDA50018FE52 /* Build configuration list for PBXNativeTarget "DubDubGrubUITests" */;
			buildPhases = (
				F8732EB42D08BDA50018FE52 /* Sources */,
				F8732EB52D08BDA50018FE52 /* Frameworks */,
				F8732EB62D08BDA50018FE52 /* Resources */,
			);
			buildRules = (
			);
			dependencies = (
				F8732EBA2D08BDA50018FE52 /* PBXTargetDependency */,
			);
			name = DubDubGrubUITests;
			packageProductDependencies = (
			);
			productName = DubDubGrubUITests;
			productReference = F8732EB82D08BDA50018FE52 /* DubDubGrubUITests.xctest */;
			productType = "com.apple.product-type.bundle.ui-testing";
		};
/* End PBXNativeTarget section */

/* Begin PBXProject section */
		F8732E962D08BDA30018FE52 /* Project object */ = {
			isa = PBXProject;
			attributes = {
				BuildIndependentTargetsInParallel = 1;
				LastSwiftUpdateCheck = 1610;
				LastUpgradeCheck = 1610;
				TargetAttributes = {
					F8732E9D2D08BDA30018FE52 = {
						CreatedOnToolsVersion = 16.1;
					};
					F8732EAD2D08BDA50018FE52 = {
						CreatedOnToolsVersion = 16.1;
						TestTargetID = F8732E9D2D08BDA30018FE52;
					};
					F8732EB72D08BDA50018FE52 = {
						CreatedOnToolsVersion = 16.1;
						TestTargetID = F8732E9D2D08BDA30018FE52;
					};
				};
			};
			buildConfigurationList = F8732E992D08BDA30018FE52 /* Build configuration list for PBXProject "DubDubGrub" */;
			developmentRegion = en;
			hasScannedForEncodings = 0;
			knownRegions = (
				en,
				Base,
			);
			mainGroup = F8732E952D08BDA30018FE52;
			minimizedProjectReferenceProxies = 1;
			packageReferences = (
				F8CC36DF2D0E461F007B8210 /* XCRemoteSwiftPackageReference "firebase-ios-sdk" */,
			);
			preferredProjectObjectVersion = 77;
			productRefGroup = F8732E9F2D08BDA30018FE52 /* Products */;
			projectDirPath = "";
			projectRoot = "";
			targets = (
				F8732E9D2D08BDA30018FE52 /* DubDubGrub */,
				F8732EAD2D08BDA50018FE52 /* DubDubGrubTests */,
				F8732EB72D08BDA50018FE52 /* DubDubGrubUITests */,
			);
		};
/* End PBXProject section */

/* Begin PBXResourcesBuildPhase section */
		F8732E9C2D08BDA30018FE52 /* Resources */ = {
			isa = PBXResourcesBuildPhase;
			buildActionMask = 2147483647;
			files = (
			);
			runOnlyForDeploymentPostprocessing = 0;
		};
		F8732EAC2D08BDA50018FE52 /* Resources */ = {
			isa = PBXResourcesBuildPhase;
			buildActionMask = 2147483647;
			files = (
			);
			runOnlyForDeploymentPostprocessing = 0;
		};
		F8732EB62D08BDA50018FE52 /* Resources */ = {
			isa = PBXResourcesBuildPhase;
			buildActionMask = 2147483647;
			files = (
			);
			runOnlyForDeploymentPostprocessing = 0;
		};
/* End PBXResourcesBuildPhase section */

/* Begin PBXSourcesBuildPhase section */
		F8732E9A2D08BDA30018FE52 /* Sources */ = {
			isa = PBXSourcesBuildPhase;
			buildActionMask = 2147483647;
			files = (
			);
			runOnlyForDeploymentPostprocessing = 0;
		};
		F8732EAA2D08BDA50018FE52 /* Sources */ = {
			isa = PBXSourcesBuildPhase;
			buildActionMask = 2147483647;
			files = (
			);
			runOnlyForDeploymentPostprocessing = 0;
		};
		F8732EB42D08BDA50018FE52 /* Sources */ = {
			isa = PBXSourcesBuildPhase;
			buildActionMask = 2147483647;
			files = (
			);
			runOnlyForDeploymentPostprocessing = 0;
		};
/* End PBXSourcesBuildPhase section */

/* Begin PBXTargetDependency section */
		F8732EB02D08BDA50018FE52 /* PBXTargetDependency */ = {
			isa = PBXTargetDependency;
			target = F8732E9D2D08BDA30018FE52 /* DubDubGrub */;
			targetProxy = F8732EAF2D08BDA50018FE52 /* PBXContainerItemProxy */;
		};
		F8732EBA2D08BDA50018FE52 /* PBXTargetDependency */ = {
			isa = PBXTargetDependency;
			target = F8732E9D2D08BDA30018FE52 /* DubDubGrub */;
			targetProxy = F8732EB92D08BDA50018FE52 /* PBXContainerItemProxy */;
		};
/* End PBXTargetDependency section */

/* Begin XCBuildConfiguration section */
		F8732EC02D08BDA50018FE52 /* Debug */ = {
			isa = XCBuildConfiguration;
			buildSettings = {
				ALWAYS_SEARCH_USER_PATHS = NO;
				ASSETCATALOG_COMPILER_GENERATE_SWIFT_ASSET_SYMBOL_EXTENSIONS = YES;
				CLANG_ANALYZER_NONNULL = YES;
				CLANG_ANALYZER_NUMBER_OBJECT_CONVERSION = YES_AGGRESSIVE;
				CLANG_CXX_LANGUAGE_STANDARD = "gnu++20";
				CLANG_ENABLE_MODULES = YES;
				CLANG_ENABLE_OBJC_ARC = YES;
				CLANG_ENABLE_OBJC_WEAK = YES;
				CLANG_WARN_BLOCK_CAPTURE_AUTORELEASING = YES;
				CLANG_WARN_BOOL_CONVERSION = YES;
				CLANG_WARN_COMMA = YES;
				CLANG_WARN_CONSTANT_CONVERSION = YES;
				CLANG_WARN_DEPRECATED_OBJC_IMPLEMENTATIONS = YES;
				CLANG_WARN_DIRECT_OBJC_ISA_USAGE = YES_ERROR;
				CLANG_WARN_DOCUMENTATION_COMMENTS = YES;
				CLANG_WARN_EMPTY_BODY = YES;
				CLANG_WARN_ENUM_CONVERSION = YES;
				CLANG_WARN_INFINITE_RECURSION = YES;
				CLANG_WARN_INT_CONVERSION = YES;
				CLANG_WARN_NON_LITERAL_NULL_CONVERSION = YES;
				CLANG_WARN_OBJC_IMPLICIT_RETAIN_SELF = YES;
				CLANG_WARN_OBJC_LITERAL_CONVERSION = YES;
				CLANG_WARN_OBJC_ROOT_CLASS = YES_ERROR;
				CLANG_WARN_QUOTED_INCLUDE_IN_FRAMEWORK_HEADER = YES;
				CLANG_WARN_RANGE_LOOP_ANALYSIS = YES;
				CLANG_WARN_STRICT_PROTOTYPES = YES;
				CLANG_WARN_SUSPICIOUS_MOVE = YES;
				CLANG_WARN_UNGUARDED_AVAILABILITY = YES_AGGRESSIVE;
				CLANG_WARN_UNREACHABLE_CODE = YES;
				CLANG_WARN__DUPLICATE_METHOD_MATCH = YES;
				COPY_PHASE_STRIP = NO;
				DEBUG_INFORMATION_FORMAT = dwarf;
				ENABLE_STRICT_OBJC_MSGSEND = YES;
				ENABLE_TESTABILITY = YES;
				ENABLE_USER_SCRIPT_SANDBOXING = YES;
				GCC_C_LANGUAGE_STANDARD = gnu17;
				GCC_DYNAMIC_NO_PIC = NO;
				GCC_NO_COMMON_BLOCKS = YES;
				GCC_OPTIMIZATION_LEVEL = 0;
				GCC_PREPROCESSOR_DEFINITIONS = (
					"DEBUG=1",
					"$(inherited)",
				);
				GCC_WARN_64_TO_32_BIT_CONVERSION = YES;
				GCC_WARN_ABOUT_RETURN_TYPE = YES_ERROR;
				GCC_WARN_UNDECLARED_SELECTOR = YES;
				GCC_WARN_UNINITIALIZED_AUTOS = YES_AGGRESSIVE;
				GCC_WARN_UNUSED_FUNCTION = YES;
				GCC_WARN_UNUSED_VARIABLE = YES;
				IPHONEOS_DEPLOYMENT_TARGET = 18.1;
				LOCALIZATION_PREFERS_STRING_CATALOGS = YES;
				MTL_ENABLE_DEBUG_INFO = INCLUDE_SOURCE;
				MTL_FAST_MATH = YES;
				ONLY_ACTIVE_ARCH = YES;
				SDKROOT = iphoneos;
				SWIFT_ACTIVE_COMPILATION_CONDITIONS = "DEBUG $(inherited)";
				SWIFT_OPTIMIZATION_LEVEL = "-Onone";
			};
			name = Debug;
		};
		F8732EC12D08BDA50018FE52 /* Release */ = {
			isa = XCBuildConfiguration;
			buildSettings = {
				ALWAYS_SEARCH_USER_PATHS = NO;
				ASSETCATALOG_COMPILER_GENERATE_SWIFT_ASSET_SYMBOL_EXTENSIONS = YES;
				CLANG_ANALYZER_NONNULL = YES;
				CLANG_ANALYZER_NUMBER_OBJECT_CONVERSION = YES_AGGRESSIVE;
				CLANG_CXX_LANGUAGE_STANDARD = "gnu++20";
				CLANG_ENABLE_MODULES = YES;
				CLANG_ENABLE_OBJC_ARC = YES;
				CLANG_ENABLE_OBJC_WEAK = YES;
				CLANG_WARN_BLOCK_CAPTURE_AUTORELEASING = YES;
				CLANG_WARN_BOOL_CONVERSION = YES;
				CLANG_WARN_COMMA = YES;
				CLANG_WARN_CONSTANT_CONVERSION = YES;
				CLANG_WARN_DEPRECATED_OBJC_IMPLEMENTATIONS = YES;
				CLANG_WARN_DIRECT_OBJC_ISA_USAGE = YES_ERROR;
				CLANG_WARN_DOCUMENTATION_COMMENTS = YES;
				CLANG_WARN_EMPTY_BODY = YES;
				CLANG_WARN_ENUM_CONVERSION = YES;
				CLANG_WARN_INFINITE_RECURSION = YES;
				CLANG_WARN_INT_CONVERSION = YES;
				CLANG_WARN_NON_LITERAL_NULL_CONVERSION = YES;
				CLANG_WARN_OBJC_IMPLICIT_RETAIN_SELF = YES;
				CLANG_WARN_OBJC_LITERAL_CONVERSION = YES;
				CLANG_WARN_OBJC_ROOT_CLASS = YES_ERROR;
				CLANG_WARN_QUOTED_INCLUDE_IN_FRAMEWORK_HEADER = YES;
				CLANG_WARN_RANGE_LOOP_ANALYSIS = YES;
				CLANG_WARN_STRICT_PROTOTYPES = YES;
				CLANG_WARN_SUSPICIOUS_MOVE = YES;
				CLANG_WARN_UNGUARDED_AVAILABILITY = YES_AGGRESSIVE;
				CLANG_WARN_UNREACHABLE_CODE = YES;
				CLANG_WARN__DUPLICATE_METHOD_MATCH = YES;
				COPY_PHASE_STRIP = NO;
				DEBUG_INFORMATION_FORMAT = "dwarf-with-dsym";
				ENABLE_NS_ASSERTIONS = NO;
				ENABLE_STRICT_OBJC_MSGSEND = YES;
				ENABLE_USER_SCRIPT_SANDBOXING = YES;
				GCC_C_LANGUAGE_STANDARD = gnu17;
				GCC_NO_COMMON_BLOCKS = YES;
				GCC_WARN_64_TO_32_BIT_CONVERSION = YES;
				GCC_WARN_ABOUT_RETURN_TYPE = YES_ERROR;
				GCC_WARN_UNDECLARED_SELECTOR = YES;
				GCC_WARN_UNINITIALIZED_AUTOS = YES_AGGRESSIVE;
				GCC_WARN_UNUSED_FUNCTION = YES;
				GCC_WARN_UNUSED_VARIABLE = YES;
				IPHONEOS_DEPLOYMENT_TARGET = 18.1;
				LOCALIZATION_PREFERS_STRING_CATALOGS = YES;
				MTL_ENABLE_DEBUG_INFO = NO;
				MTL_FAST_MATH = YES;
				SDKROOT = iphoneos;
				SWIFT_COMPILATION_MODE = wholemodule;
				VALIDATE_PRODUCT = YES;
			};
			name = Release;
		};
		F8732EC32D08BDA50018FE52 /* Debug */ = {
			isa = XCBuildConfiguration;
			buildSettings = {
				ASSETCATALOG_COMPILER_APPICON_NAME = AppIcon;
				ASSETCATALOG_COMPILER_GLOBAL_ACCENT_COLOR_NAME = AccentColor;
				CODE_SIGN_STYLE = Automatic;
				CURRENT_PROJECT_VERSION = 1;
				DEVELOPMENT_ASSET_PATHS = "\"DubDubGrub/Preview Content\"";
				DEVELOPMENT_TEAM = 822KZXTV6Q;
				ENABLE_PREVIEWS = YES;
				GENERATE_INFOPLIST_FILE = YES;
				INFOPLIST_KEY_CFBundleDisplayName = Gymio;
				INFOPLIST_KEY_UIApplicationSceneManifest_Generation = YES;
				INFOPLIST_KEY_UIApplicationSupportsIndirectInputEvents = YES;
				INFOPLIST_KEY_UILaunchScreen_Generation = YES;
				INFOPLIST_KEY_UISupportedInterfaceOrientations_iPad = "UIInterfaceOrientationPortrait UIInterfaceOrientationPortraitUpsideDown UIInterfaceOrientationLandscapeLeft UIInterfaceOrientationLandscapeRight";
				INFOPLIST_KEY_UISupportedInterfaceOrientations_iPhone = "UIInterfaceOrientationPortrait UIInterfaceOrientationLandscapeLeft UIInterfaceOrientationLandscapeRight";
				LD_RUNPATH_SEARCH_PATHS = (
					"$(inherited)",
					"@executable_path/Frameworks",
				);
				MARKETING_VERSION = 1.0;
				PRODUCT_BUNDLE_IDENTIFIER = "Vitali-Kupratsevich.DubDubGrub";
				PRODUCT_NAME = "$(TARGET_NAME)";
				SUPPORTED_PLATFORMS = "iphoneos iphonesimulator";
				SUPPORTS_MACCATALYST = NO;
				SUPPORTS_MAC_DESIGNED_FOR_IPHONE_IPAD = NO;
				SUPPORTS_XR_DESIGNED_FOR_IPHONE_IPAD = NO;
				SWIFT_EMIT_LOC_STRINGS = YES;
				SWIFT_VERSION = 5.0;
				TARGETED_DEVICE_FAMILY = "1,2";
			};
			name = Debug;
		};
		F8732EC42D08BDA50018FE52 /* Release */ = {
			isa = XCBuildConfiguration;
			buildSettings = {
				ASSETCATALOG_COMPILER_APPICON_NAME = AppIcon;
				ASSETCATALOG_COMPILER_GLOBAL_ACCENT_COLOR_NAME = AccentColor;
				CODE_SIGN_STYLE = Automatic;
				CURRENT_PROJECT_VERSION = 1;
				DEVELOPMENT_ASSET_PATHS = "\"DubDubGrub/Preview Content\"";
				DEVELOPMENT_TEAM = 822KZXTV6Q;
				ENABLE_PREVIEWS = YES;
				GENERATE_INFOPLIST_FILE = YES;
				INFOPLIST_KEY_CFBundleDisplayName = Gymio;
				INFOPLIST_KEY_UIApplicationSceneManifest_Generation = YES;
				INFOPLIST_KEY_UIApplicationSupportsIndirectInputEvents = YES;
				INFOPLIST_KEY_UILaunchScreen_Generation = YES;
				INFOPLIST_KEY_UISupportedInterfaceOrientations_iPad = "UIInterfaceOrientationPortrait UIInterfaceOrientationPortraitUpsideDown UIInterfaceOrientationLandscapeLeft UIInterfaceOrientationLandscapeRight";
				INFOPLIST_KEY_UISupportedInterfaceOrientations_iPhone = "UIInterfaceOrientationPortrait UIInterfaceOrientationLandscapeLeft UIInterfaceOrientationLandscapeRight";
				LD_RUNPATH_SEARCH_PATHS = (
					"$(inherited)",
					"@executable_path/Frameworks",
				);
				MARKETING_VERSION = 1.0;
				PRODUCT_BUNDLE_IDENTIFIER = "Vitali-Kupratsevich.DubDubGrub";
				PRODUCT_NAME = "$(TARGET_NAME)";
				SUPPORTED_PLATFORMS = "iphoneos iphonesimulator";
				SUPPORTS_MACCATALYST = NO;
				SUPPORTS_MAC_DESIGNED_FOR_IPHONE_IPAD = NO;
				SUPPORTS_XR_DESIGNED_FOR_IPHONE_IPAD = NO;
				SWIFT_EMIT_LOC_STRINGS = YES;
				SWIFT_VERSION = 5.0;
				TARGETED_DEVICE_FAMILY = "1,2";
			};
			name = Release;
		};
		F8732EC62D08BDA50018FE52 /* Debug */ = {
			isa = XCBuildConfiguration;
			buildSettings = {
				BUNDLE_LOADER = "$(TEST_HOST)";
				CODE_SIGN_STYLE = Automatic;
				CURRENT_PROJECT_VERSION = 1;
				DEVELOPMENT_TEAM = 822KZXTV6Q;
				GENERATE_INFOPLIST_FILE = YES;
				IPHONEOS_DEPLOYMENT_TARGET = 18.1;
				MARKETING_VERSION = 1.0;
				PRODUCT_BUNDLE_IDENTIFIER = "Vitali-Kupratsevich.DubDubGrubTests";
				PRODUCT_NAME = "$(TARGET_NAME)";
				SWIFT_EMIT_LOC_STRINGS = NO;
				SWIFT_VERSION = 5.0;
				TARGETED_DEVICE_FAMILY = "1,2";
				TEST_HOST = "$(BUILT_PRODUCTS_DIR)/DubDubGrub.app/$(BUNDLE_EXECUTABLE_FOLDER_PATH)/DubDubGrub";
			};
			name = Debug;
		};
		F8732EC72D08BDA50018FE52 /* Release */ = {
			isa = XCBuildConfiguration;
			buildSettings = {
				BUNDLE_LOADER = "$(TEST_HOST)";
				CODE_SIGN_STYLE = Automatic;
				CURRENT_PROJECT_VERSION = 1;
				DEVELOPMENT_TEAM = 822KZXTV6Q;
				GENERATE_INFOPLIST_FILE = YES;
				IPHONEOS_DEPLOYMENT_TARGET = 18.1;
				MARKETING_VERSION = 1.0;
				PRODUCT_BUNDLE_IDENTIFIER = "Vitali-Kupratsevich.DubDubGrubTests";
				PRODUCT_NAME = "$(TARGET_NAME)";
				SWIFT_EMIT_LOC_STRINGS = NO;
				SWIFT_VERSION = 5.0;
				TARGETED_DEVICE_FAMILY = "1,2";
				TEST_HOST = "$(BUILT_PRODUCTS_DIR)/DubDubGrub.app/$(BUNDLE_EXECUTABLE_FOLDER_PATH)/DubDubGrub";
			};
			name = Release;
		};
		F8732EC92D08BDA50018FE52 /* Debug */ = {
			isa = XCBuildConfiguration;
			buildSettings = {
				CODE_SIGN_STYLE = Automatic;
				CURRENT_PROJECT_VERSION = 1;
				DEVELOPMENT_TEAM = 822KZXTV6Q;
				GENERATE_INFOPLIST_FILE = YES;
				MARKETING_VERSION = 1.0;
				PRODUCT_BUNDLE_IDENTIFIER = "Vitali-Kupratsevich.DubDubGrubUITests";
				PRODUCT_NAME = "$(TARGET_NAME)";
				SWIFT_EMIT_LOC_STRINGS = NO;
				SWIFT_VERSION = 5.0;
				TARGETED_DEVICE_FAMILY = "1,2";
				TEST_TARGET_NAME = DubDubGrub;
			};
			name = Debug;
		};
		F8732ECA2D08BDA50018FE52 /* Release */ = {
			isa = XCBuildConfiguration;
			buildSettings = {
				CODE_SIGN_STYLE = Automatic;
				CURRENT_PROJECT_VERSION = 1;
				DEVELOPMENT_TEAM = 822KZXTV6Q;
				GENERATE_INFOPLIST_FILE = YES;
				MARKETING_VERSION = 1.0;
				PRODUCT_BUNDLE_IDENTIFIER = "Vitali-Kupratsevich.DubDubGrubUITests";
				PRODUCT_NAME = "$(TARGET_NAME)";
				SWIFT_EMIT_LOC_STRINGS = NO;
				SWIFT_VERSION = 5.0;
				TARGETED_DEVICE_FAMILY = "1,2";
				TEST_TARGET_NAME = DubDubGrub;
			};
			name = Release;
		};
/* End XCBuildConfiguration section */

/* Begin XCConfigurationList section */
		F8732E992D08BDA30018FE52 /* Build configuration list for PBXProject "DubDubGrub" */ = {
			isa = XCConfigurationList;
			buildConfigurations = (
				F8732EC02D08BDA50018FE52 /* Debug */,
				F8732EC12D08BDA50018FE52 /* Release */,
			);
			defaultConfigurationIsVisible = 0;
			defaultConfigurationName = Release;
		};
		F8732EC22D08BDA50018FE52 /* Build configuration list for PBXNativeTarget "DubDubGrub" */ = {
			isa = XCConfigurationList;
			buildConfigurations = (
				F8732EC32D08BDA50018FE52 /* Debug */,
				F8732EC42D08BDA50018FE52 /* Release */,
			);
			defaultConfigurationIsVisible = 0;
			defaultConfigurationName = Release;
		};
		F8732EC52D08BDA50018FE52 /* Build configuration list for PBXNativeTarget "DubDubGrubTests" */ = {
			isa = XCConfigurationList;
			buildConfigurations = (
				F8732EC62D08BDA50018FE52 /* Debug */,
				F8732EC72D08BDA50018FE52 /* Release */,
			);
			defaultConfigurationIsVisible = 0;
			defaultConfigurationName = Release;
		};
		F8732EC82D08BDA50018FE52 /* Build configuration list for PBXNativeTarget "DubDubGrubUITests" */ = {
			isa = XCConfigurationList;
			buildConfigurations = (
				F8732EC92D08BDA50018FE52 /* Debug */,
				F8732ECA2D08BDA50018FE52 /* Release */,
			);
			defaultConfigurationIsVisible = 0;
			defaultConfigurationName = Release;
		};
/* End XCConfigurationList section */

/* Begin XCRemoteSwiftPackageReference section */
		F8CC36DF2D0E461F007B8210 /* XCRemoteSwiftPackageReference "firebase-ios-sdk" */ = {
			isa = XCRemoteSwiftPackageReference;
			repositoryURL = "https://github.com/firebase/firebase-ios-sdk";
			requirement = {
				kind = upToNextMajorVersion;
				minimumVersion = 11.6.0;
			};
		};
/* End XCRemoteSwiftPackageReference section */

/* Begin XCSwiftPackageProductDependency section */
		F8CC36E02D0E461F007B8210 /* FirebaseAuth */ = {
			isa = XCSwiftPackageProductDependency;
			package = F8CC36DF2D0E461F007B8210 /* XCRemoteSwiftPackageReference "firebase-ios-sdk" */;
			productName = FirebaseAuth;
		};
		F8CC36E22D0E461F007B8210 /* FirebaseDatabase */ = {
			isa = XCSwiftPackageProductDependency;
			package = F8CC36DF2D0E461F007B8210 /* XCRemoteSwiftPackageReference "firebase-ios-sdk" */;
			productName = FirebaseDatabase;
		};
		F8CC36E42D0E461F007B8210 /* FirebaseFirestore */ = {
			isa = XCSwiftPackageProductDependency;
			package = F8CC36DF2D0E461F007B8210 /* XCRemoteSwiftPackageReference "firebase-ios-sdk" */;
			productName = FirebaseFirestore;
		};
		F8CC36E62D0E461F007B8210 /* FirebaseStorage */ = {
			isa = XCSwiftPackageProductDependency;
			package = F8CC36DF2D0E461F007B8210 /* XCRemoteSwiftPackageReference "firebase-ios-sdk" */;
			productName = FirebaseStorage;
		};
/* End XCSwiftPackageProductDependency section */
	};
	rootObject = F8732E962D08BDA30018FE52 /* Project object */;
}
